Microsoft Visual Studio Solution File, Format Version 12.00
# Visual Studio Version 17
VisualStudioVersion = 17.5.2.0
MinimumVisualStudioVersion = 10.0.40219.1
Project("{FAE04EC0-301F-11D3-BF4B-00C04F79EFBC}") = "RedisBlocklistMiddlewareApp", "RedisBlocklistMiddlewareApp\RedisBlocklistMiddlewareApp.csproj", "{4A336096-1DA9-4AAA-B974-D563B1CECEBC}"
EndProject
Global
	GlobalSection(SolutionConfigurationPlatforms) = preSolution
		Debug|Any CPU = Debug|Any CPU
		Release|Any CPU = Release|Any CPU
	EndGlobalSection
	GlobalSection(ProjectConfigurationPlatforms) = postSolution
		{4A336096-1DA9-4AAA-B974-D563B1CECEBC}.Debug|Any CPU.ActiveCfg = Debug|Any CPU
		{4A336096-1DA9-4AAA-B974-D563B1CECEBC}.Debug|Any CPU.Build.0 = Debug|Any CPU
		{4A336096-1DA9-4AAA-B974-D563B1CECEBC}.Release|Any CPU.ActiveCfg = Release|Any CPU
		{4A336096-1DA9-4AAA-B974-D563B1CECEBC}.Release|Any CPU.Build.0 = Release|Any CPU
	EndGlobalSection
	GlobalSection(SolutionProperties) = preSolution
		HideSolutionNode = FALSE
	EndGlobalSection
	GlobalSection(ExtensibilityGlobals) = postSolution
		SolutionGuid = {2CA7FE8D-117A-478A-A642-958F5832A450}
	EndGlobalSection
EndGlobal
